<Solution>
  <Project Path="D:/programowanie/PostquantumDigitalSignatureAlgorithms/Core/Core.csproj" />
  <Project Path="D:/programowanie/PostquantumDigitalSignatureAlgorithms/CrystalsDilithium/CrystalsDilithium.csproj" Id="5d1a63f4-7fb4-42b8-b12a-7d4dd806efae" />
  <Project Path="D:/programowanie/PostquantumDigitalSignatureAlgorithms/PostquantumDigitalSignatureAlgorithms/PostquantumDigitalSignatureAlgorithms.csproj" />
</Solution>
